{
  "name": "elise-browserify-demo",
  "version": "1.0.0",
  "lockfileVersion": 1,
  "requires": true,
  "dependencies": {
    "elise-graphics": {
      "version": "git+https://github.com/thetheosopher/elise-graphics.git#3c8876165fc260bbff89f0d0f8e5093506afbf33",
      "from": "git+https://github.com/thetheosopher/elise-graphics.git#3c8876165fc260bbff89f0d0f8e5093506afbf33"
    }
  }
}
